
Microsoft Visual Studio Solution File, Format Version 12.00
# Visual Studio Version 17
VisualStudioVersion = 17.4.33403.182
MinimumVisualStudioVersion = 10.0.40219.1
Project("{8BC9CEB8-8B4A-11D0-8D11-00A0C91BC942}") = "2.1-CreateWindow", "01-CreateWindow.vcxproj", "{9518A268-140C-4EBF-B616-FED5A8AFD8C2}"
EndProject
Project("{8BC9CEB8-8B4A-11D0-8D11-00A0C91BC942}") = "2.2-CreatePoint", "..\2.2-CreatePoint\2.2-CreatePoint.vcxproj", "{4981B5C8-6F42-4643-867E-8B079BC598A8}"
EndProject
Project("{8BC9CEB8-8B4A-11D0-8D11-00A0C91BC942}") = "2.3-ErrorChecking", "..\2.3-ErrorChecking\2.3-ErrorChecking.vcxproj", "{D003BACA-C740-4CA7-961F-8048572DF249}"
EndProject
Project("{8BC9CEB8-8B4A-11D0-8D11-00A0C91BC942}") = "2.4-Files", "..\2.4-Files\2.4-Files.vcxproj", "{C06CACA6-FD36-4756-9656-B32CC18AC54B}"
EndProject
Project("{8BC9CEB8-8B4A-11D0-8D11-00A0C91BC942}") = "2.5-Triangle", "..\2.5-Triangle\2.5-Triangle.vcxproj", "{B2CAAA21-1E3B-45E6-ABE5-E60F403EE99D}"
EndProject
Project("{8BC9CEB8-8B4A-11D0-8D11-00A0C91BC942}") = "2.6-Animation", "..\2.6-Animation\2.6-Animation.vcxproj", "{59D53767-9C6B-46E3-809F-EF2DA4952C47}"
EndProject
Project("{8BC9CEB8-8B4A-11D0-8D11-00A0C91BC942}") = "4.1-1-PlainRedCube", "..\3.1-PlainRedCube\3.1-PlainRedCube.vcxproj", "{DCAF3DA1-6FE5-4C21-9E67-05C46D7D3844}"
EndProject
Project("{8BC9CEB8-8B4A-11D0-8D11-00A0C91BC942}") = "4.1-2-interploatedColors", "..\3.2-interploatedColors\3.2-interploatedColors.vcxproj", "{CCC25D59-F24C-46AB-8A04-CE5143B8DCDB}"
EndProject
Project("{8BC9CEB8-8B4A-11D0-8D11-00A0C91BC942}") = "4.1-3-Tumbling", "..\3.3-Tumbling\3.3-Tumbling.vcxproj", "{B7D54730-73D4-4126-BEE6-6C4D1A150AD7}"
EndProject
Project("{8BC9CEB8-8B4A-11D0-8D11-00A0C91BC942}") = "4.1-4-multipleCubes", "..\4.1-4-multipleCubes\4.1-4-multipleCubes.vcxproj", "{2F97DFCF-5D38-49B2-A648-B9F523B244B3}"
EndProject
Project("{8BC9CEB8-8B4A-11D0-8D11-00A0C91BC942}") = "4.2-Instancing", "..\4.2-Instancing\4.2-Instancing.vcxproj", "{534B0682-18EB-4213-80AD-DF1354F073AA}"
EndProject
Project("{8BC9CEB8-8B4A-11D0-8D11-00A0C91BC942}") = "4.3-MultipleModels", "..\4.3-MultipleModels\4.3-MultipleModels.vcxproj", "{5EBA9D1D-F572-4B48-8E1E-D08E074CFF09}"
EndProject
Project("{8BC9CEB8-8B4A-11D0-8D11-00A0C91BC942}") = "4.4-MatrixStack", "..\4.4-MatrixStack\4.4-MatrixStack.vcxproj", "{9AAA23DB-66AC-4F09-BE48-74E37E514E4A}"
EndProject
Project("{8BC9CEB8-8B4A-11D0-8D11-00A0C91BC942}") = "5.1-TexturedPyramid", "..\5.1-TexturedPyramid\5.1-TexturedPyramid.vcxproj", "{553C073B-56A7-4EA1-98A2-6C399D2C6A59}"
EndProject
Project("{8BC9CEB8-8B4A-11D0-8D11-00A0C91BC942}") = "5.2-TexturePyramidMipmapAniso", "..\5.2-TexturePyramidMipmapAniso\5.2-TexturePyramidMipmapAniso.vcxproj", "{4A2915D0-FBC7-4927-B8F8-12E4F06640D2}"
EndProject
Project("{8BC9CEB8-8B4A-11D0-8D11-00A0C91BC942}") = "6.1-ProgramsSphere", "..\6.1-Sphere\6.1-Sphere.vcxproj", "{B606D563-0965-4D8F-8CF8-274C88ACA211}"
EndProject
Project("{8BC9CEB8-8B4A-11D0-8D11-00A0C91BC942}") = "6.2-ProgramsTorus", "..\6.2-ProgramsTorus\6.2-ProgramsTorus.vcxproj", "{1AC8E1AE-0C3D-4056-A746-17C9574F22D4}"
EndProject
Project("{8BC9CEB8-8B4A-11D0-8D11-00A0C91BC942}") = "6.3-LoadObjModel", "..\6.3-LoadObjModel\6.3-LoadObjModel.vcxproj", "{5FA1E561-1370-4DB5-BC62-5A6DF31903AE}"
EndProject
Project("{8BC9CEB8-8B4A-11D0-8D11-00A0C91BC942}") = "7.1-LightingADS", "..\7.1-LightingADS\7.1-LightingADS.vcxproj", "{B2370600-183D-4DFC-B3E1-8576E5BD150A}"
EndProject
Project("{8BC9CEB8-8B4A-11D0-8D11-00A0C91BC942}") = "7.2-LightingPhong", "..\7.2-LightingPhone\7.2-LightingPhone.vcxproj", "{AC95060D-341E-4FB9-BBCA-07E13FC95224}"
EndProject
Project("{8BC9CEB8-8B4A-11D0-8D11-00A0C91BC942}") = "7.3-LightingBlinnPhong", "..\7.3-LightingBlinnPhong\7.3-LightingBlinnPhong.vcxproj", "{319CEB7B-36FA-4B08-9C4F-ADC3202FA7E9}"
EndProject
Project("{8BC9CEB8-8B4A-11D0-8D11-00A0C91BC942}") = "8.1-shadowMapping", "..\8.1-shadowMapping\8.1-shadowMapping.vcxproj", "{26728A75-F137-48FC-989D-53ED88245A77}"
EndProject
Global
	GlobalSection(SolutionConfigurationPlatforms) = preSolution
		Debug|x64 = Debug|x64
		Debug|x86 = Debug|x86
		Release|x64 = Release|x64
		Release|x86 = Release|x86
	EndGlobalSection
	GlobalSection(ProjectConfigurationPlatforms) = postSolution
		{9518A268-140C-4EBF-B616-FED5A8AFD8C2}.Debug|x64.ActiveCfg = Debug|x64
		{9518A268-140C-4EBF-B616-FED5A8AFD8C2}.Debug|x64.Build.0 = Debug|x64
		{9518A268-140C-4EBF-B616-FED5A8AFD8C2}.Debug|x86.ActiveCfg = Debug|Win32
		{9518A268-140C-4EBF-B616-FED5A8AFD8C2}.Debug|x86.Build.0 = Debug|Win32
		{9518A268-140C-4EBF-B616-FED5A8AFD8C2}.Release|x64.ActiveCfg = Release|x64
		{9518A268-140C-4EBF-B616-FED5A8AFD8C2}.Release|x64.Build.0 = Release|x64
		{9518A268-140C-4EBF-B616-FED5A8AFD8C2}.Release|x86.ActiveCfg = Release|Win32
		{9518A268-140C-4EBF-B616-FED5A8AFD8C2}.Release|x86.Build.0 = Release|Win32
		{4981B5C8-6F42-4643-867E-8B079BC598A8}.Debug|x64.ActiveCfg = Debug|x64
		{4981B5C8-6F42-4643-867E-8B079BC598A8}.Debug|x64.Build.0 = Debug|x64
		{4981B5C8-6F42-4643-867E-8B079BC598A8}.Debug|x86.ActiveCfg = Debug|Win32
		{4981B5C8-6F42-4643-867E-8B079BC598A8}.Debug|x86.Build.0 = Debug|Win32
		{4981B5C8-6F42-4643-867E-8B079BC598A8}.Release|x64.ActiveCfg = Release|x64
		{4981B5C8-6F42-4643-867E-8B079BC598A8}.Release|x64.Build.0 = Release|x64
		{4981B5C8-6F42-4643-867E-8B079BC598A8}.Release|x86.ActiveCfg = Release|Win32
		{4981B5C8-6F42-4643-867E-8B079BC598A8}.Release|x86.Build.0 = Release|Win32
		{D003BACA-C740-4CA7-961F-8048572DF249}.Debug|x64.ActiveCfg = Debug|x64
		{D003BACA-C740-4CA7-961F-8048572DF249}.Debug|x64.Build.0 = Debug|x64
		{D003BACA-C740-4CA7-961F-8048572DF249}.Debug|x86.ActiveCfg = Debug|Win32
		{D003BACA-C740-4CA7-961F-8048572DF249}.Debug|x86.Build.0 = Debug|Win32
		{D003BACA-C740-4CA7-961F-8048572DF249}.Release|x64.ActiveCfg = Release|x64
		{D003BACA-C740-4CA7-961F-8048572DF249}.Release|x64.Build.0 = Release|x64
		{D003BACA-C740-4CA7-961F-8048572DF249}.Release|x86.ActiveCfg = Release|Win32
		{D003BACA-C740-4CA7-961F-8048572DF249}.Release|x86.Build.0 = Release|Win32
		{C06CACA6-FD36-4756-9656-B32CC18AC54B}.Debug|x64.ActiveCfg = Debug|x64
		{C06CACA6-FD36-4756-9656-B32CC18AC54B}.Debug|x64.Build.0 = Debug|x64
		{C06CACA6-FD36-4756-9656-B32CC18AC54B}.Debug|x86.ActiveCfg = Debug|Win32
		{C06CACA6-FD36-4756-9656-B32CC18AC54B}.Debug|x86.Build.0 = Debug|Win32
		{C06CACA6-FD36-4756-9656-B32CC18AC54B}.Release|x64.ActiveCfg = Release|x64
		{C06CACA6-FD36-4756-9656-B32CC18AC54B}.Release|x64.Build.0 = Release|x64
		{C06CACA6-FD36-4756-9656-B32CC18AC54B}.Release|x86.ActiveCfg = Release|Win32
		{C06CACA6-FD36-4756-9656-B32CC18AC54B}.Release|x86.Build.0 = Release|Win32
		{B2CAAA21-1E3B-45E6-ABE5-E60F403EE99D}.Debug|x64.ActiveCfg = Debug|x64
		{B2CAAA21-1E3B-45E6-ABE5-E60F403EE99D}.Debug|x64.Build.0 = Debug|x64
		{B2CAAA21-1E3B-45E6-ABE5-E60F403EE99D}.Debug|x86.ActiveCfg = Debug|Win32
		{B2CAAA21-1E3B-45E6-ABE5-E60F403EE99D}.Debug|x86.Build.0 = Debug|Win32
		{B2CAAA21-1E3B-45E6-ABE5-E60F403EE99D}.Release|x64.ActiveCfg = Release|x64
		{B2CAAA21-1E3B-45E6-ABE5-E60F403EE99D}.Release|x64.Build.0 = Release|x64
		{B2CAAA21-1E3B-45E6-ABE5-E60F403EE99D}.Release|x86.ActiveCfg = Release|Win32
		{B2CAAA21-1E3B-45E6-ABE5-E60F403EE99D}.Release|x86.Build.0 = Release|Win32
		{59D53767-9C6B-46E3-809F-EF2DA4952C47}.Debug|x64.ActiveCfg = Debug|x64
		{59D53767-9C6B-46E3-809F-EF2DA4952C47}.Debug|x64.Build.0 = Debug|x64
		{59D53767-9C6B-46E3-809F-EF2DA4952C47}.Debug|x86.ActiveCfg = Debug|Win32
		{59D53767-9C6B-46E3-809F-EF2DA4952C47}.Debug|x86.Build.0 = Debug|Win32
		{59D53767-9C6B-46E3-809F-EF2DA4952C47}.Release|x64.ActiveCfg = Release|x64
		{59D53767-9C6B-46E3-809F-EF2DA4952C47}.Release|x64.Build.0 = Release|x64
		{59D53767-9C6B-46E3-809F-EF2DA4952C47}.Release|x86.ActiveCfg = Release|Win32
		{59D53767-9C6B-46E3-809F-EF2DA4952C47}.Release|x86.Build.0 = Release|Win32
		{DCAF3DA1-6FE5-4C21-9E67-05C46D7D3844}.Debug|x64.ActiveCfg = Debug|x64
		{DCAF3DA1-6FE5-4C21-9E67-05C46D7D3844}.Debug|x64.Build.0 = Debug|x64
		{DCAF3DA1-6FE5-4C21-9E67-05C46D7D3844}.Debug|x86.ActiveCfg = Debug|Win32
		{DCAF3DA1-6FE5-4C21-9E67-05C46D7D3844}.Debug|x86.Build.0 = Debug|Win32
		{DCAF3DA1-6FE5-4C21-9E67-05C46D7D3844}.Release|x64.ActiveCfg = Release|x64
		{DCAF3DA1-6FE5-4C21-9E67-05C46D7D3844}.Release|x64.Build.0 = Release|x64
		{DCAF3DA1-6FE5-4C21-9E67-05C46D7D3844}.Release|x86.ActiveCfg = Release|Win32
		{DCAF3DA1-6FE5-4C21-9E67-05C46D7D3844}.Release|x86.Build.0 = Release|Win32
		{CCC25D59-F24C-46AB-8A04-CE5143B8DCDB}.Debug|x64.ActiveCfg = Debug|x64
		{CCC25D59-F24C-46AB-8A04-CE5143B8DCDB}.Debug|x64.Build.0 = Debug|x64
		{CCC25D59-F24C-46AB-8A04-CE5143B8DCDB}.Debug|x86.ActiveCfg = Debug|Win32
		{CCC25D59-F24C-46AB-8A04-CE5143B8DCDB}.Debug|x86.Build.0 = Debug|Win32
		{CCC25D59-F24C-46AB-8A04-CE5143B8DCDB}.Release|x64.ActiveCfg = Release|x64
		{CCC25D59-F24C-46AB-8A04-CE5143B8DCDB}.Release|x64.Build.0 = Release|x64
		{CCC25D59-F24C-46AB-8A04-CE5143B8DCDB}.Release|x86.ActiveCfg = Release|Win32
		{CCC25D59-F24C-46AB-8A04-CE5143B8DCDB}.Release|x86.Build.0 = Release|Win32
		{B7D54730-73D4-4126-BEE6-6C4D1A150AD7}.Debug|x64.ActiveCfg = Debug|x64
		{B7D54730-73D4-4126-BEE6-6C4D1A150AD7}.Debug|x64.Build.0 = Debug|x64
		{B7D54730-73D4-4126-BEE6-6C4D1A150AD7}.Debug|x86.ActiveCfg = Debug|Win32
		{B7D54730-73D4-4126-BEE6-6C4D1A150AD7}.Debug|x86.Build.0 = Debug|Win32
		{B7D54730-73D4-4126-BEE6-6C4D1A150AD7}.Release|x64.ActiveCfg = Release|x64
		{B7D54730-73D4-4126-BEE6-6C4D1A150AD7}.Release|x64.Build.0 = Release|x64
		{B7D54730-73D4-4126-BEE6-6C4D1A150AD7}.Release|x86.ActiveCfg = Release|Win32
		{B7D54730-73D4-4126-BEE6-6C4D1A150AD7}.Release|x86.Build.0 = Release|Win32
		{2F97DFCF-5D38-49B2-A648-B9F523B244B3}.Debug|x64.ActiveCfg = Debug|x64
		{2F97DFCF-5D38-49B2-A648-B9F523B244B3}.Debug|x64.Build.0 = Debug|x64
		{2F97DFCF-5D38-49B2-A648-B9F523B244B3}.Debug|x86.ActiveCfg = Debug|Win32
		{2F97DFCF-5D38-49B2-A648-B9F523B244B3}.Debug|x86.Build.0 = Debug|Win32
		{2F97DFCF-5D38-49B2-A648-B9F523B244B3}.Release|x64.ActiveCfg = Release|x64
		{2F97DFCF-5D38-49B2-A648-B9F523B244B3}.Release|x64.Build.0 = Release|x64
		{2F97DFCF-5D38-49B2-A648-B9F523B244B3}.Release|x86.ActiveCfg = Release|Win32
		{2F97DFCF-5D38-49B2-A648-B9F523B244B3}.Release|x86.Build.0 = Release|Win32
		{534B0682-18EB-4213-80AD-DF1354F073AA}.Debug|x64.ActiveCfg = Debug|x64
		{534B0682-18EB-4213-80AD-DF1354F073AA}.Debug|x64.Build.0 = Debug|x64
		{534B0682-18EB-4213-80AD-DF1354F073AA}.Debug|x86.ActiveCfg = Debug|Win32
		{534B0682-18EB-4213-80AD-DF1354F073AA}.Debug|x86.Build.0 = Debug|Win32
		{534B0682-18EB-4213-80AD-DF1354F073AA}.Release|x64.ActiveCfg = Release|x64
		{534B0682-18EB-4213-80AD-DF1354F073AA}.Release|x64.Build.0 = Release|x64
		{534B0682-18EB-4213-80AD-DF1354F073AA}.Release|x86.ActiveCfg = Release|Win32
		{534B0682-18EB-4213-80AD-DF1354F073AA}.Release|x86.Build.0 = Release|Win32
		{5EBA9D1D-F572-4B48-8E1E-D08E074CFF09}.Debug|x64.ActiveCfg = Debug|x64
		{5EBA9D1D-F572-4B48-8E1E-D08E074CFF09}.Debug|x64.Build.0 = Debug|x64
		{5EBA9D1D-F572-4B48-8E1E-D08E074CFF09}.Debug|x86.ActiveCfg = Debug|Win32
		{5EBA9D1D-F572-4B48-8E1E-D08E074CFF09}.Debug|x86.Build.0 = Debug|Win32
		{5EBA9D1D-F572-4B48-8E1E-D08E074CFF09}.Release|x64.ActiveCfg = Release|x64
		{5EBA9D1D-F572-4B48-8E1E-D08E074CFF09}.Release|x64.Build.0 = Release|x64
		{5EBA9D1D-F572-4B48-8E1E-D08E074CFF09}.Release|x86.ActiveCfg = Release|Win32
		{5EBA9D1D-F572-4B48-8E1E-D08E074CFF09}.Release|x86.Build.0 = Release|Win32
		{9AAA23DB-66AC-4F09-BE48-74E37E514E4A}.Debug|x64.ActiveCfg = Debug|x64
		{9AAA23DB-66AC-4F09-BE48-74E37E514E4A}.Debug|x64.Build.0 = Debug|x64
		{9AAA23DB-66AC-4F09-BE48-74E37E514E4A}.Debug|x86.ActiveCfg = Debug|Win32
		{9AAA23DB-66AC-4F09-BE48-74E37E514E4A}.Debug|x86.Build.0 = Debug|Win32
		{9AAA23DB-66AC-4F09-BE48-74E37E514E4A}.Release|x64.ActiveCfg = Release|x64
		{9AAA23DB-66AC-4F09-BE48-74E37E514E4A}.Release|x64.Build.0 = Release|x64
		{9AAA23DB-66AC-4F09-BE48-74E37E514E4A}.Release|x86.ActiveCfg = Release|Win32
		{9AAA23DB-66AC-4F09-BE48-74E37E514E4A}.Release|x86.Build.0 = Release|Win32
		{553C073B-56A7-4EA1-98A2-6C399D2C6A59}.Debug|x64.ActiveCfg = Debug|x64
		{553C073B-56A7-4EA1-98A2-6C399D2C6A59}.Debug|x64.Build.0 = Debug|x64
		{553C073B-56A7-4EA1-98A2-6C399D2C6A59}.Debug|x86.ActiveCfg = Debug|Win32
		{553C073B-56A7-4EA1-98A2-6C399D2C6A59}.Debug|x86.Build.0 = Debug|Win32
		{553C073B-56A7-4EA1-98A2-6C399D2C6A59}.Release|x64.ActiveCfg = Release|x64
		{553C073B-56A7-4EA1-98A2-6C399D2C6A59}.Release|x64.Build.0 = Release|x64
		{553C073B-56A7-4EA1-98A2-6C399D2C6A59}.Release|x86.ActiveCfg = Release|Win32
		{553C073B-56A7-4EA1-98A2-6C399D2C6A59}.Release|x86.Build.0 = Release|Win32
		{4A2915D0-FBC7-4927-B8F8-12E4F06640D2}.Debug|x64.ActiveCfg = Debug|x64
		{4A2915D0-FBC7-4927-B8F8-12E4F06640D2}.Debug|x64.Build.0 = Debug|x64
		{4A2915D0-FBC7-4927-B8F8-12E4F06640D2}.Debug|x86.ActiveCfg = Debug|Win32
		{4A2915D0-FBC7-4927-B8F8-12E4F06640D2}.Debug|x86.Build.0 = Debug|Win32
		{4A2915D0-FBC7-4927-B8F8-12E4F06640D2}.Release|x64.ActiveCfg = Release|x64
		{4A2915D0-FBC7-4927-B8F8-12E4F06640D2}.Release|x64.Build.0 = Release|x64
		{4A2915D0-FBC7-4927-B8F8-12E4F06640D2}.Release|x86.ActiveCfg = Release|Win32
		{4A2915D0-FBC7-4927-B8F8-12E4F06640D2}.Release|x86.Build.0 = Release|Win32
		{B606D563-0965-4D8F-8CF8-274C88ACA211}.Debug|x64.ActiveCfg = Debug|x64
		{B606D563-0965-4D8F-8CF8-274C88ACA211}.Debug|x64.Build.0 = Debug|x64
		{B606D563-0965-4D8F-8CF8-274C88ACA211}.Debug|x86.ActiveCfg = Debug|Win32
		{B606D563-0965-4D8F-8CF8-274C88ACA211}.Debug|x86.Build.0 = Debug|Win32
		{B606D563-0965-4D8F-8CF8-274C88ACA211}.Release|x64.ActiveCfg = Release|x64
		{B606D563-0965-4D8F-8CF8-274C88ACA211}.Release|x64.Build.0 = Release|x64
		{B606D563-0965-4D8F-8CF8-274C88ACA211}.Release|x86.ActiveCfg = Release|Win32
		{B606D563-0965-4D8F-8CF8-274C88ACA211}.Release|x86.Build.0 = Release|Win32
		{1AC8E1AE-0C3D-4056-A746-17C9574F22D4}.Debug|x64.ActiveCfg = Debug|x64
		{1AC8E1AE-0C3D-4056-A746-17C9574F22D4}.Debug|x64.Build.0 = Debug|x64
		{1AC8E1AE-0C3D-4056-A746-17C9574F22D4}.Debug|x86.ActiveCfg = Debug|Win32
		{1AC8E1AE-0C3D-4056-A746-17C9574F22D4}.Debug|x86.Build.0 = Debug|Win32
		{1AC8E1AE-0C3D-4056-A746-17C9574F22D4}.Release|x64.ActiveCfg = Release|x64
		{1AC8E1AE-0C3D-4056-A746-17C9574F22D4}.Release|x64.Build.0 = Release|x64
		{1AC8E1AE-0C3D-4056-A746-17C9574F22D4}.Release|x86.ActiveCfg = Release|Win32
		{1AC8E1AE-0C3D-4056-A746-17C9574F22D4}.Release|x86.Build.0 = Release|Win32
		{5FA1E561-1370-4DB5-BC62-5A6DF31903AE}.Debug|x64.ActiveCfg = Debug|x64
		{5FA1E561-1370-4DB5-BC62-5A6DF31903AE}.Debug|x64.Build.0 = Debug|x64
		{5FA1E561-1370-4DB5-BC62-5A6DF31903AE}.Debug|x86.ActiveCfg = Debug|Win32
		{5FA1E561-1370-4DB5-BC62-5A6DF31903AE}.Debug|x86.Build.0 = Debug|Win32
		{5FA1E561-1370-4DB5-BC62-5A6DF31903AE}.Release|x64.ActiveCfg = Release|x64
		{5FA1E561-1370-4DB5-BC62-5A6DF31903AE}.Release|x64.Build.0 = Release|x64
		{5FA1E561-1370-4DB5-BC62-5A6DF31903AE}.Release|x86.ActiveCfg = Release|Win32
		{5FA1E561-1370-4DB5-BC62-5A6DF31903AE}.Release|x86.Build.0 = Release|Win32
		{B2370600-183D-4DFC-B3E1-8576E5BD150A}.Debug|x64.ActiveCfg = Debug|x64
		{B2370600-183D-4DFC-B3E1-8576E5BD150A}.Debug|x64.Build.0 = Debug|x64
		{B2370600-183D-4DFC-B3E1-8576E5BD150A}.Debug|x86.ActiveCfg = Debug|Win32
		{B2370600-183D-4DFC-B3E1-8576E5BD150A}.Debug|x86.Build.0 = Debug|Win32
		{B2370600-183D-4DFC-B3E1-8576E5BD150A}.Release|x64.ActiveCfg = Release|x64
		{B2370600-183D-4DFC-B3E1-8576E5BD150A}.Release|x64.Build.0 = Release|x64
		{B2370600-183D-4DFC-B3E1-8576E5BD150A}.Release|x86.ActiveCfg = Release|Win32
		{B2370600-183D-4DFC-B3E1-8576E5BD150A}.Release|x86.Build.0 = Release|Win32
		{AC95060D-341E-4FB9-BBCA-07E13FC95224}.Debug|x64.ActiveCfg = Debug|x64
		{AC95060D-341E-4FB9-BBCA-07E13FC95224}.Debug|x64.Build.0 = Debug|x64
		{AC95060D-341E-4FB9-BBCA-07E13FC95224}.Debug|x86.ActiveCfg = Debug|Win32
		{AC95060D-341E-4FB9-BBCA-07E13FC95224}.Debug|x86.Build.0 = Debug|Win32
		{AC95060D-341E-4FB9-BBCA-07E13FC95224}.Release|x64.ActiveCfg = Release|x64
		{AC95060D-341E-4FB9-BBCA-07E13FC95224}.Release|x64.Build.0 = Release|x64
		{AC95060D-341E-4FB9-BBCA-07E13FC95224}.Release|x86.ActiveCfg = Release|Win32
		{AC95060D-341E-4FB9-BBCA-07E13FC95224}.Release|x86.Build.0 = Release|Win32
		{319CEB7B-36FA-4B08-9C4F-ADC3202FA7E9}.Debug|x64.ActiveCfg = Debug|x64
		{319CEB7B-36FA-4B08-9C4F-ADC3202FA7E9}.Debug|x64.Build.0 = Debug|x64
		{319CEB7B-36FA-4B08-9C4F-ADC3202FA7E9}.Debug|x86.ActiveCfg = Debug|Win32
		{319CEB7B-36FA-4B08-9C4F-ADC3202FA7E9}.Debug|x86.Build.0 = Debug|Win32
		{319CEB7B-36FA-4B08-9C4F-ADC3202FA7E9}.Release|x64.ActiveCfg = Release|x64
		{319CEB7B-36FA-4B08-9C4F-ADC3202FA7E9}.Release|x64.Build.0 = Release|x64
		{319CEB7B-36FA-4B08-9C4F-ADC3202FA7E9}.Release|x86.ActiveCfg = Release|Win32
		{319CEB7B-36FA-4B08-9C4F-ADC3202FA7E9}.Release|x86.Build.0 = Release|Win32
		{26728A75-F137-48FC-989D-53ED88245A77}.Debug|x64.ActiveCfg = Debug|x64
		{26728A75-F137-48FC-989D-53ED88245A77}.Debug|x64.Build.0 = Debug|x64
		{26728A75-F137-48FC-989D-53ED88245A77}.Debug|x86.ActiveCfg = Debug|Win32
		{26728A75-F137-48FC-989D-53ED88245A77}.Debug|x86.Build.0 = Debug|Win32
		{26728A75-F137-48FC-989D-53ED88245A77}.Release|x64.ActiveCfg = Release|x64
		{26728A75-F137-48FC-989D-53ED88245A77}.Release|x64.Build.0 = Release|x64
		{26728A75-F137-48FC-989D-53ED88245A77}.Release|x86.ActiveCfg = Release|Win32
		{26728A75-F137-48FC-989D-53ED88245A77}.Release|x86.Build.0 = Release|Win32
	EndGlobalSection
	GlobalSection(SolutionProperties) = preSolution
		HideSolutionNode = FALSE
	EndGlobalSection
	GlobalSection(ExtensibilityGlobals) = postSolution
		SolutionGuid = {D29BB1EF-C8C5-4EF6-B923-89693B7D166E}
	EndGlobalSection
EndGlobal
