
Microsoft Visual Studio Solution File, Format Version 12.00
# Visual Studio Version 17
VisualStudioVersion = 17.4.33403.182
MinimumVisualStudioVersion = 10.0.40219.1
Project("{8BC9CEB8-8B4A-11D0-8D11-00A0C91BC942}") = "2.1-CreateWindow", "01-CreateWindow.vcxproj", "{9518A268-140C-4EBF-B616-FED5A8AFD8C2}"
EndProject
Project("{8BC9CEB8-8B4A-11D0-8D11-00A0C91BC942}") = "2.2-CreatePoint", "..\2.2-CreatePoint\2.2-CreatePoint.vcxproj", "{4981B5C8-6F42-4643-867E-8B079BC598A8}"
EndProject
Project("{8BC9CEB8-8B4A-11D0-8D11-00A0C91BC942}") = "2.3-ErrorChecking", "..\2.3-ErrorChecking\2.3-ErrorChecking.vcxproj", "{D003BACA-C740-4CA7-961F-8048572DF249}"
EndProject
Project("{8BC9CEB8-8B4A-11D0-8D11-00A0C91BC942}") = "2.4-Files", "..\2.4-Files\2.4-Files.vcxproj", "{C06CACA6-FD36-4756-9656-B32CC18AC54B}"
EndProject
Project("{8BC9CEB8-8B4A-11D0-8D11-00A0C91BC942}") = "2.5-Triangle", "..\2.5-Triangle\2.5-Triangle.vcxproj", "{B2CAAA21-1E3B-45E6-ABE5-E60F403EE99D}"
EndProject
Project("{8BC9CEB8-8B4A-11D0-8D11-00A0C91BC942}") = "2.6-Animation", "..\2.6-Animation\2.6-Animation.vcxproj", "{59D53767-9C6B-46E3-809F-EF2DA4952C47}"
EndProject
Project("{8BC9CEB8-8B4A-11D0-8D11-00A0C91BC942}") = "4.1-1-PlainRedCube", "..\3.1-PlainRedCube\3.1-PlainRedCube.vcxproj", "{DCAF3DA1-6FE5-4C21-9E67-05C46D7D3844}"
EndProject
Project("{8BC9CEB8-8B4A-11D0-8D11-00A0C91BC942}") = "4.1-2-interploatedColors", "..\3.2-interploatedColors\3.2-interploatedColors.vcxproj", "{CCC25D59-F24C-46AB-8A04-CE5143B8DCDB}"
EndProject
Project("{8BC9CEB8-8B4A-11D0-8D11-00A0C91BC942}") = "4.1-3-Tumbling", "..\3.3-Tumbling\3.3-Tumbling.vcxproj", "{B7D54730-73D4-4126-BEE6-6C4D1A150AD7}"
EndProject
Project("{8BC9CEB8-8B4A-11D0-8D11-00A0C91BC942}") = "4.1-4-multipleCubes", "..\4.1-4-multipleCubes\4.1-4-multipleCubes.vcxproj", "{2F97DFCF-5D38-49B2-A648-B9F523B244B3}"
EndProject
Project("{8BC9CEB8-8B4A-11D0-8D11-00A0C91BC942}") = "4.2-Instancing", "..\4.2-Instancing\4.2-Instancing.vcxproj", "{534B0682-18EB-4213-80AD-DF1354F073AA}"
EndProject
Project("{8BC9CEB8-8B4A-11D0-8D11-00A0C91BC942}") = "4.3-MultipleModels", "..\4.3-MultipleModels\4.3-MultipleModels.vcxproj", "{5EBA9D1D-F572-4B48-8E1E-D08E074CFF09}"
EndProject
Project("{8BC9CEB8-8B4A-11D0-8D11-00A0C91BC942}") = "4.4-MatrixStack", "..\4.4-MatrixStack\4.4-MatrixStack.vcxproj", "{9AAA23DB-66AC-4F09-BE48-74E37E514E4A}"
EndProject
Project("{8BC9CEB8-8B4A-11D0-8D11-00A0C91BC942}") = "5.1-TexturedPyramid", "..\5.1-TexturedPyramid\5.1-TexturedPyramid.vcxproj", "{553C073B-56A7-4EA1-98A2-6C399D2C6A59}"
EndProject
Project("{8BC9CEB8-8B4A-11D0-8D11-00A0C91BC942}") = "5.2-TexturePyramidMipmapAniso", "..\5.2-TexturePyramidMipmapAniso\5.2-TexturePyramidMipmapAniso.vcxproj", "{4A2915D0-FBC7-4927-B8F8-12E4F06640D2}"
EndProject
Project("{8BC9CEB8-8B4A-11D0-8D11-00A0C91BC942}") = "6.1-ProgramsSphere", "..\6.1-Sphere\6.1-Sphere.vcxproj", "{B606D563-0965-4D8F-8CF8-274C88ACA211}"
EndProject
Project("{8BC9CEB8-8B4A-11D0-8D11-00A0C91BC942}") = "6.2-ProgramsTorus", "..\6.2-ProgramsTorus\6.2-ProgramsTorus.vcxproj", "{1AC8E1AE-0C3D-4056-A746-17C9574F22D4}"
EndProject
Project("{8BC9CEB8-8B4A-11D0-8D11-00A0C91BC942}") = "6.3-LoadObjModel", "..\6.3-LoadObjModel\6.3-LoadObjModel.vcxproj", "{5FA1E561-1370-4DB5-BC62-5A6DF31903AE}"
EndProject
Project("{8BC9CEB8-8B4A-11D0-8D11-00A0C91BC942}") = "7.1-LightingADS", "..\7.1-LightingADS\7.1-LightingADS.vcxproj", "{B2370600-183D-4DFC-B3E1-8576E5BD150A}"
EndProject
Project("{8BC9CEB8-8B4A-11D0-8D11-00A0C91BC942}") = "7.2-LightingPhong", "..\7.2-LightingPhone\7.2-LightingPhone.vcxproj", "{AC95060D-341E-4FB9-BBCA-07E13FC95224}"
EndProject
Project("{8BC9CEB8-8B4A-11D0-8D11-00A0C91BC942}") = "7.3-LightingBlinnPhong", "..\7.3-LightingBlinnPhong\7.3-LightingBlinnPhong.vcxproj", "{319CEB7B-36FA-4B08-9C4F-ADC3202FA7E9}"
EndProject
Project("{8BC9CEB8-8B4A-11D0-8D11-00A0C91BC942}") = "8.1-shadowMapping", "..\8.1-shadowMapping\8.1-shadowMapping.vcxproj", "{26728A75-F137-48FC-989D-53ED88245A77}"
EndProject
Project("{8BC9CEB8-8B4A-11D0-8D11-00A0C91BC942}") = "8.2-softShadowPCF", "..\8.2-softShadowPCF\8.2-softShadowPCF.vcxproj", "{B6A8E765-9D9B-4332-A452-EA3DAD3D4387}"
EndProject
Project("{8BC9CEB8-8B4A-11D0-8D11-00A0C91BC942}") = "9.1-SkyBoxSimple", "..\9.1-SkyBoxSimple\9.1-SkyBoxSimple.vcxproj", "{235DB9A8-AAB7-4EAE-BA4A-B1BF03C58CCB}"
EndProject
Project("{8BC9CEB8-8B4A-11D0-8D11-00A0C91BC942}") = "9.2-SkyBoxOpenGL", "..\9.2-SkyBoxOpenGL\9.2-SkyBoxOpenGL.vcxproj", "{2618584A-1A47-4651-93FF-803AA9A57263}"
EndProject
Project("{8BC9CEB8-8B4A-11D0-8D11-00A0C91BC942}") = "9.3-EnvironmentMapping", "..\9.3-EnvironmentMapping\9.3-EnvironmentMapping.vcxproj", "{E35B0EF2-9359-45AF-B47B-1F4258D0F1C7}"
EndProject
Project("{8BC9CEB8-8B4A-11D0-8D11-00A0C91BC942}") = "10.1-ProcBump", "..\10.1-ProcBump\10.1-ProcBump.vcxproj", "{2AF49CBC-45B5-424B-A3EF-D9228A914059}"
EndProject
Project("{8BC9CEB8-8B4A-11D0-8D11-00A0C91BC942}") = "10.2-NormalMapping", "..\10.2-NormalMapping\10.2-NormalMapping.vcxproj", "{12153DE2-C6DF-4D92-A8CA-BD9292A0BD8C}"
EndProject
Project("{8BC9CEB8-8B4A-11D0-8D11-00A0C91BC942}") = "10.3-TexturePlusNormal", "..\10.3-TexturePlusNormal\10.3-TexturePlusNormal.vcxproj", "{FCBDBF99-F574-4176-82C8-7757C230C1C4}"
EndProject
Project("{8BC9CEB8-8B4A-11D0-8D11-00A0C91BC942}") = "10.4-HeightMappedTerrain", "..\10.4-HeightMappedTerrain\10.4-HeightMappedTerrain.vcxproj", "{1537B002-F8F7-4DAB-BB11-580D73E7DA69}"
EndProject
Project("{8BC9CEB8-8B4A-11D0-8D11-00A0C91BC942}") = "10.5-SphereVertexHeightMap", "..\10.5-SphereVertexHeightMap\10.5-SphereVertexHeightMap.vcxproj", "{B013872A-96DA-4865-9D1B-A9458F42ECF4}"
EndProject
Project("{8BC9CEB8-8B4A-11D0-8D11-00A0C91BC942}") = "12.1-TessellationGridOnly", "..\12.1-TessellationGridOnly\12.1-TessellationGridOnly.vcxproj", "{4C53F990-438A-4790-9D1C-646DFF4EC655}"
EndProject
Project("{8BC9CEB8-8B4A-11D0-8D11-00A0C91BC942}") = "12.2-TessellationBezier", "..\12.2-TessellationBezier\12.2-TessellationBezier.vcxproj", "{BAACA150-9966-4D94-A7C1-5295ED5E5395}"
EndProject
Project("{8BC9CEB8-8B4A-11D0-8D11-00A0C91BC942}") = "12.3-TessHeightMappedInstanced", "..\12.3-TessHeightMappedInstanced\12.3-TessHeightMappedInstanced.vcxproj", "{54A64580-8106-4340-8136-0063CAFC7025}"
EndProject
Project("{8BC9CEB8-8B4A-11D0-8D11-00A0C91BC942}") = "12.4-TessHeightMappedInstWLighting", "..\12.4-TessHeightMappedInstWLighting\12.4-TessHeightMappedInstWLighting.vcxproj", "{24EC1F7A-B573-4674-A20A-7251EDD031BF}"
EndProject
Project("{8BC9CEB8-8B4A-11D0-8D11-00A0C91BC942}") = "12.5-TessHeightMapInstancedLOD", "..\12.5-TessHeightMapInstancedLOD\12.5-TessHeightMapInstancedLOD.vcxproj", "{7656B6B6-B80C-4ACE-9D31-C7093E94524D}"
EndProject
Project("{8BC9CEB8-8B4A-11D0-8D11-00A0C91BC942}") = "13.1-GeomModInflate", "..\13.1-GeomModInflate\13.1-GeomModInflate.vcxproj", "{D0B323DF-F7A0-448D-87FD-A9A0FA946C8D}"
EndProject
Project("{8BC9CEB8-8B4A-11D0-8D11-00A0C91BC942}") = "13.2-GeomModExplodeNoBackfaces", "..\13.2-GeomModExplodeNoBackfaces\13.2-GeomModExplodeNoBackfaces.vcxproj", "{393D24D7-8FD0-48E9-9F2E-5EEFCF4EF141}"
EndProject
Project("{8BC9CEB8-8B4A-11D0-8D11-00A0C91BC942}") = "13.3-GemoModExplodeWithBackfaces", "..\13.3-GemoModExplodeWithBackfaces\13.3-GemoModExplodeWithBackfaces.vcxproj", "{619B3BE4-3A23-4211-B274-B9CCCE1CB06B}"
EndProject
Project("{8BC9CEB8-8B4A-11D0-8D11-00A0C91BC942}") = "13.4-GeometryDel", "..\13.4-GeometryDel\13.4-GeometryDel.vcxproj", "{83221472-1E8D-49A9-8725-C265233DF14C}"
EndProject
Project("{8BC9CEB8-8B4A-11D0-8D11-00A0C91BC942}") = "13.6-GeometryChange", "..\13.6-GeometryChange\13.6-GeometryChange.vcxproj", "{850DD2FF-E81A-4C86-9401-6615AF785BF6}"
EndProject
Project("{8BC9CEB8-8B4A-11D0-8D11-00A0C91BC942}") = "13.5-GeometryAdd", "..\13.5-GeometryAdd\13.5-GeometryAdd.vcxproj", "{286D3A4C-47F6-4652-8F39-FA478CE5051B}"
EndProject
Project("{8BC9CEB8-8B4A-11D0-8D11-00A0C91BC942}") = "14.1-Fog", "..\14.1-Fog\14.1-Fog.vcxproj", "{67E7A2AB-DC86-43FB-8D97-9E2457D4B07F}"
EndProject
Project("{8BC9CEB8-8B4A-11D0-8D11-00A0C91BC942}") = "14.2-Blending", "..\14.2-Blending\14.2-Blending.vcxproj", "{53B807AE-3372-4128-A2A7-A01ACA029E47}"
EndProject
Project("{8BC9CEB8-8B4A-11D0-8D11-00A0C91BC942}") = "14.3-Clipping", "..\14.3-Clipping\14.3-Clipping.vcxproj", "{79E3FF04-0D90-4766-9A53-306B5BE4599F}"
EndProject
Project("{8BC9CEB8-8B4A-11D0-8D11-00A0C91BC942}") = "14.4-Stripes3Dtex", "..\14.4-Stripes3Dtex\14.4-Stripes3Dtex.vcxproj", "{244FFA27-5796-44D6-A66F-42130213C077}"
EndProject
Project("{8BC9CEB8-8B4A-11D0-8D11-00A0C91BC942}") = "14.5-Marble", "..\14.5-Marble\14.5-Marble.vcxproj", "{F9375173-2F0B-40AC-86C3-C0A12C1EB3F1}"
EndProject
Project("{8BC9CEB8-8B4A-11D0-8D11-00A0C91BC942}") = "14.6-Wood", "..\14.6-Wood\14.6-Wood.vcxproj", "{35E20EDF-2DDE-4C44-A315-0FCF4FE56D77}"
EndProject
Project("{8BC9CEB8-8B4A-11D0-8D11-00A0C91BC942}") = "14.7-Clouds", "..\14.7-Clouds\14.7-Clouds.vcxproj", "{6A0174AB-A59C-437C-864D-B9B651904CD2}"
EndProject
Project("{8BC9CEB8-8B4A-11D0-8D11-00A0C91BC942}") = "14.8-CloudsChanging", "..\14.8-CloudsChanging\14.8-CloudsChanging.vcxproj", "{489C0C08-B7A5-4604-BAC6-2C388462F6AE}"
EndProject
Project("{8BC9CEB8-8B4A-11D0-8D11-00A0C91BC942}") = "14.9-Dissolve", "..\14.9-Dissolve\14.9-Dissolve.vcxproj", "{812BB3ED-1E9E-4C5F-A499-02FF41E45350}"
EndProject
Global
	GlobalSection(SolutionConfigurationPlatforms) = preSolution
		Debug|x64 = Debug|x64
		Debug|x86 = Debug|x86
		Release|x64 = Release|x64
		Release|x86 = Release|x86
	EndGlobalSection
	GlobalSection(ProjectConfigurationPlatforms) = postSolution
		{9518A268-140C-4EBF-B616-FED5A8AFD8C2}.Debug|x64.ActiveCfg = Debug|x64
		{9518A268-140C-4EBF-B616-FED5A8AFD8C2}.Debug|x64.Build.0 = Debug|x64
		{9518A268-140C-4EBF-B616-FED5A8AFD8C2}.Debug|x86.ActiveCfg = Debug|Win32
		{9518A268-140C-4EBF-B616-FED5A8AFD8C2}.Debug|x86.Build.0 = Debug|Win32
		{9518A268-140C-4EBF-B616-FED5A8AFD8C2}.Release|x64.ActiveCfg = Release|x64
		{9518A268-140C-4EBF-B616-FED5A8AFD8C2}.Release|x64.Build.0 = Release|x64
		{9518A268-140C-4EBF-B616-FED5A8AFD8C2}.Release|x86.ActiveCfg = Release|Win32
		{9518A268-140C-4EBF-B616-FED5A8AFD8C2}.Release|x86.Build.0 = Release|Win32
		{4981B5C8-6F42-4643-867E-8B079BC598A8}.Debug|x64.ActiveCfg = Debug|x64
		{4981B5C8-6F42-4643-867E-8B079BC598A8}.Debug|x64.Build.0 = Debug|x64
		{4981B5C8-6F42-4643-867E-8B079BC598A8}.Debug|x86.ActiveCfg = Debug|Win32
		{4981B5C8-6F42-4643-867E-8B079BC598A8}.Debug|x86.Build.0 = Debug|Win32
		{4981B5C8-6F42-4643-867E-8B079BC598A8}.Release|x64.ActiveCfg = Release|x64
		{4981B5C8-6F42-4643-867E-8B079BC598A8}.Release|x64.Build.0 = Release|x64
		{4981B5C8-6F42-4643-867E-8B079BC598A8}.Release|x86.ActiveCfg = Release|Win32
		{4981B5C8-6F42-4643-867E-8B079BC598A8}.Release|x86.Build.0 = Release|Win32
		{D003BACA-C740-4CA7-961F-8048572DF249}.Debug|x64.ActiveCfg = Debug|x64
		{D003BACA-C740-4CA7-961F-8048572DF249}.Debug|x64.Build.0 = Debug|x64
		{D003BACA-C740-4CA7-961F-8048572DF249}.Debug|x86.ActiveCfg = Debug|Win32
		{D003BACA-C740-4CA7-961F-8048572DF249}.Debug|x86.Build.0 = Debug|Win32
		{D003BACA-C740-4CA7-961F-8048572DF249}.Release|x64.ActiveCfg = Release|x64
		{D003BACA-C740-4CA7-961F-8048572DF249}.Release|x64.Build.0 = Release|x64
		{D003BACA-C740-4CA7-961F-8048572DF249}.Release|x86.ActiveCfg = Release|Win32
		{D003BACA-C740-4CA7-961F-8048572DF249}.Release|x86.Build.0 = Release|Win32
		{C06CACA6-FD36-4756-9656-B32CC18AC54B}.Debug|x64.ActiveCfg = Debug|x64
		{C06CACA6-FD36-4756-9656-B32CC18AC54B}.Debug|x64.Build.0 = Debug|x64
		{C06CACA6-FD36-4756-9656-B32CC18AC54B}.Debug|x86.ActiveCfg = Debug|Win32
		{C06CACA6-FD36-4756-9656-B32CC18AC54B}.Debug|x86.Build.0 = Debug|Win32
		{C06CACA6-FD36-4756-9656-B32CC18AC54B}.Release|x64.ActiveCfg = Release|x64
		{C06CACA6-FD36-4756-9656-B32CC18AC54B}.Release|x64.Build.0 = Release|x64
		{C06CACA6-FD36-4756-9656-B32CC18AC54B}.Release|x86.ActiveCfg = Release|Win32
		{C06CACA6-FD36-4756-9656-B32CC18AC54B}.Release|x86.Build.0 = Release|Win32
		{B2CAAA21-1E3B-45E6-ABE5-E60F403EE99D}.Debug|x64.ActiveCfg = Debug|x64
		{B2CAAA21-1E3B-45E6-ABE5-E60F403EE99D}.Debug|x64.Build.0 = Debug|x64
		{B2CAAA21-1E3B-45E6-ABE5-E60F403EE99D}.Debug|x86.ActiveCfg = Debug|Win32
		{B2CAAA21-1E3B-45E6-ABE5-E60F403EE99D}.Debug|x86.Build.0 = Debug|Win32
		{B2CAAA21-1E3B-45E6-ABE5-E60F403EE99D}.Release|x64.ActiveCfg = Release|x64
		{B2CAAA21-1E3B-45E6-ABE5-E60F403EE99D}.Release|x64.Build.0 = Release|x64
		{B2CAAA21-1E3B-45E6-ABE5-E60F403EE99D}.Release|x86.ActiveCfg = Release|Win32
		{B2CAAA21-1E3B-45E6-ABE5-E60F403EE99D}.Release|x86.Build.0 = Release|Win32
		{59D53767-9C6B-46E3-809F-EF2DA4952C47}.Debug|x64.ActiveCfg = Debug|x64
		{59D53767-9C6B-46E3-809F-EF2DA4952C47}.Debug|x64.Build.0 = Debug|x64
		{59D53767-9C6B-46E3-809F-EF2DA4952C47}.Debug|x86.ActiveCfg = Debug|Win32
		{59D53767-9C6B-46E3-809F-EF2DA4952C47}.Debug|x86.Build.0 = Debug|Win32
		{59D53767-9C6B-46E3-809F-EF2DA4952C47}.Release|x64.ActiveCfg = Release|x64
		{59D53767-9C6B-46E3-809F-EF2DA4952C47}.Release|x64.Build.0 = Release|x64
		{59D53767-9C6B-46E3-809F-EF2DA4952C47}.Release|x86.ActiveCfg = Release|Win32
		{59D53767-9C6B-46E3-809F-EF2DA4952C47}.Release|x86.Build.0 = Release|Win32
		{DCAF3DA1-6FE5-4C21-9E67-05C46D7D3844}.Debug|x64.ActiveCfg = Debug|x64
		{DCAF3DA1-6FE5-4C21-9E67-05C46D7D3844}.Debug|x64.Build.0 = Debug|x64
		{DCAF3DA1-6FE5-4C21-9E67-05C46D7D3844}.Debug|x86.ActiveCfg = Debug|Win32
		{DCAF3DA1-6FE5-4C21-9E67-05C46D7D3844}.Debug|x86.Build.0 = Debug|Win32
		{DCAF3DA1-6FE5-4C21-9E67-05C46D7D3844}.Release|x64.ActiveCfg = Release|x64
		{DCAF3DA1-6FE5-4C21-9E67-05C46D7D3844}.Release|x64.Build.0 = Release|x64
		{DCAF3DA1-6FE5-4C21-9E67-05C46D7D3844}.Release|x86.ActiveCfg = Release|Win32
		{DCAF3DA1-6FE5-4C21-9E67-05C46D7D3844}.Release|x86.Build.0 = Release|Win32
		{CCC25D59-F24C-46AB-8A04-CE5143B8DCDB}.Debug|x64.ActiveCfg = Debug|x64
		{CCC25D59-F24C-46AB-8A04-CE5143B8DCDB}.Debug|x64.Build.0 = Debug|x64
		{CCC25D59-F24C-46AB-8A04-CE5143B8DCDB}.Debug|x86.ActiveCfg = Debug|Win32
		{CCC25D59-F24C-46AB-8A04-CE5143B8DCDB}.Debug|x86.Build.0 = Debug|Win32
		{CCC25D59-F24C-46AB-8A04-CE5143B8DCDB}.Release|x64.ActiveCfg = Release|x64
		{CCC25D59-F24C-46AB-8A04-CE5143B8DCDB}.Release|x64.Build.0 = Release|x64
		{CCC25D59-F24C-46AB-8A04-CE5143B8DCDB}.Release|x86.ActiveCfg = Release|Win32
		{CCC25D59-F24C-46AB-8A04-CE5143B8DCDB}.Release|x86.Build.0 = Release|Win32
		{B7D54730-73D4-4126-BEE6-6C4D1A150AD7}.Debug|x64.ActiveCfg = Debug|x64
		{B7D54730-73D4-4126-BEE6-6C4D1A150AD7}.Debug|x64.Build.0 = Debug|x64
		{B7D54730-73D4-4126-BEE6-6C4D1A150AD7}.Debug|x86.ActiveCfg = Debug|Win32
		{B7D54730-73D4-4126-BEE6-6C4D1A150AD7}.Debug|x86.Build.0 = Debug|Win32
		{B7D54730-73D4-4126-BEE6-6C4D1A150AD7}.Release|x64.ActiveCfg = Release|x64
		{B7D54730-73D4-4126-BEE6-6C4D1A150AD7}.Release|x64.Build.0 = Release|x64
		{B7D54730-73D4-4126-BEE6-6C4D1A150AD7}.Release|x86.ActiveCfg = Release|Win32
		{B7D54730-73D4-4126-BEE6-6C4D1A150AD7}.Release|x86.Build.0 = Release|Win32
		{2F97DFCF-5D38-49B2-A648-B9F523B244B3}.Debug|x64.ActiveCfg = Debug|x64
		{2F97DFCF-5D38-49B2-A648-B9F523B244B3}.Debug|x64.Build.0 = Debug|x64
		{2F97DFCF-5D38-49B2-A648-B9F523B244B3}.Debug|x86.ActiveCfg = Debug|Win32
		{2F97DFCF-5D38-49B2-A648-B9F523B244B3}.Debug|x86.Build.0 = Debug|Win32
		{2F97DFCF-5D38-49B2-A648-B9F523B244B3}.Release|x64.ActiveCfg = Release|x64
		{2F97DFCF-5D38-49B2-A648-B9F523B244B3}.Release|x64.Build.0 = Release|x64
		{2F97DFCF-5D38-49B2-A648-B9F523B244B3}.Release|x86.ActiveCfg = Release|Win32
		{2F97DFCF-5D38-49B2-A648-B9F523B244B3}.Release|x86.Build.0 = Release|Win32
		{534B0682-18EB-4213-80AD-DF1354F073AA}.Debug|x64.ActiveCfg = Debug|x64
		{534B0682-18EB-4213-80AD-DF1354F073AA}.Debug|x64.Build.0 = Debug|x64
		{534B0682-18EB-4213-80AD-DF1354F073AA}.Debug|x86.ActiveCfg = Debug|Win32
		{534B0682-18EB-4213-80AD-DF1354F073AA}.Debug|x86.Build.0 = Debug|Win32
		{534B0682-18EB-4213-80AD-DF1354F073AA}.Release|x64.ActiveCfg = Release|x64
		{534B0682-18EB-4213-80AD-DF1354F073AA}.Release|x64.Build.0 = Release|x64
		{534B0682-18EB-4213-80AD-DF1354F073AA}.Release|x86.ActiveCfg = Release|Win32
		{534B0682-18EB-4213-80AD-DF1354F073AA}.Release|x86.Build.0 = Release|Win32
		{5EBA9D1D-F572-4B48-8E1E-D08E074CFF09}.Debug|x64.ActiveCfg = Debug|x64
		{5EBA9D1D-F572-4B48-8E1E-D08E074CFF09}.Debug|x64.Build.0 = Debug|x64
		{5EBA9D1D-F572-4B48-8E1E-D08E074CFF09}.Debug|x86.ActiveCfg = Debug|Win32
		{5EBA9D1D-F572-4B48-8E1E-D08E074CFF09}.Debug|x86.Build.0 = Debug|Win32
		{5EBA9D1D-F572-4B48-8E1E-D08E074CFF09}.Release|x64.ActiveCfg = Release|x64
		{5EBA9D1D-F572-4B48-8E1E-D08E074CFF09}.Release|x64.Build.0 = Release|x64
		{5EBA9D1D-F572-4B48-8E1E-D08E074CFF09}.Release|x86.ActiveCfg = Release|Win32
		{5EBA9D1D-F572-4B48-8E1E-D08E074CFF09}.Release|x86.Build.0 = Release|Win32
		{9AAA23DB-66AC-4F09-BE48-74E37E514E4A}.Debug|x64.ActiveCfg = Debug|x64
		{9AAA23DB-66AC-4F09-BE48-74E37E514E4A}.Debug|x64.Build.0 = Debug|x64
		{9AAA23DB-66AC-4F09-BE48-74E37E514E4A}.Debug|x86.ActiveCfg = Debug|Win32
		{9AAA23DB-66AC-4F09-BE48-74E37E514E4A}.Debug|x86.Build.0 = Debug|Win32
		{9AAA23DB-66AC-4F09-BE48-74E37E514E4A}.Release|x64.ActiveCfg = Release|x64
		{9AAA23DB-66AC-4F09-BE48-74E37E514E4A}.Release|x64.Build.0 = Release|x64
		{9AAA23DB-66AC-4F09-BE48-74E37E514E4A}.Release|x86.ActiveCfg = Release|Win32
		{9AAA23DB-66AC-4F09-BE48-74E37E514E4A}.Release|x86.Build.0 = Release|Win32
		{553C073B-56A7-4EA1-98A2-6C399D2C6A59}.Debug|x64.ActiveCfg = Debug|x64
		{553C073B-56A7-4EA1-98A2-6C399D2C6A59}.Debug|x64.Build.0 = Debug|x64
		{553C073B-56A7-4EA1-98A2-6C399D2C6A59}.Debug|x86.ActiveCfg = Debug|Win32
		{553C073B-56A7-4EA1-98A2-6C399D2C6A59}.Debug|x86.Build.0 = Debug|Win32
		{553C073B-56A7-4EA1-98A2-6C399D2C6A59}.Release|x64.ActiveCfg = Release|x64
		{553C073B-56A7-4EA1-98A2-6C399D2C6A59}.Release|x64.Build.0 = Release|x64
		{553C073B-56A7-4EA1-98A2-6C399D2C6A59}.Release|x86.ActiveCfg = Release|Win32
		{553C073B-56A7-4EA1-98A2-6C399D2C6A59}.Release|x86.Build.0 = Release|Win32
		{4A2915D0-FBC7-4927-B8F8-12E4F06640D2}.Debug|x64.ActiveCfg = Debug|x64
		{4A2915D0-FBC7-4927-B8F8-12E4F06640D2}.Debug|x64.Build.0 = Debug|x64
		{4A2915D0-FBC7-4927-B8F8-12E4F06640D2}.Debug|x86.ActiveCfg = Debug|Win32
		{4A2915D0-FBC7-4927-B8F8-12E4F06640D2}.Debug|x86.Build.0 = Debug|Win32
		{4A2915D0-FBC7-4927-B8F8-12E4F06640D2}.Release|x64.ActiveCfg = Release|x64
		{4A2915D0-FBC7-4927-B8F8-12E4F06640D2}.Release|x64.Build.0 = Release|x64
		{4A2915D0-FBC7-4927-B8F8-12E4F06640D2}.Release|x86.ActiveCfg = Release|Win32
		{4A2915D0-FBC7-4927-B8F8-12E4F06640D2}.Release|x86.Build.0 = Release|Win32
		{B606D563-0965-4D8F-8CF8-274C88ACA211}.Debug|x64.ActiveCfg = Debug|x64
		{B606D563-0965-4D8F-8CF8-274C88ACA211}.Debug|x64.Build.0 = Debug|x64
		{B606D563-0965-4D8F-8CF8-274C88ACA211}.Debug|x86.ActiveCfg = Debug|Win32
		{B606D563-0965-4D8F-8CF8-274C88ACA211}.Debug|x86.Build.0 = Debug|Win32
		{B606D563-0965-4D8F-8CF8-274C88ACA211}.Release|x64.ActiveCfg = Release|x64
		{B606D563-0965-4D8F-8CF8-274C88ACA211}.Release|x64.Build.0 = Release|x64
		{B606D563-0965-4D8F-8CF8-274C88ACA211}.Release|x86.ActiveCfg = Release|Win32
		{B606D563-0965-4D8F-8CF8-274C88ACA211}.Release|x86.Build.0 = Release|Win32
		{1AC8E1AE-0C3D-4056-A746-17C9574F22D4}.Debug|x64.ActiveCfg = Debug|x64
		{1AC8E1AE-0C3D-4056-A746-17C9574F22D4}.Debug|x64.Build.0 = Debug|x64
		{1AC8E1AE-0C3D-4056-A746-17C9574F22D4}.Debug|x86.ActiveCfg = Debug|Win32
		{1AC8E1AE-0C3D-4056-A746-17C9574F22D4}.Debug|x86.Build.0 = Debug|Win32
		{1AC8E1AE-0C3D-4056-A746-17C9574F22D4}.Release|x64.ActiveCfg = Release|x64
		{1AC8E1AE-0C3D-4056-A746-17C9574F22D4}.Release|x64.Build.0 = Release|x64
		{1AC8E1AE-0C3D-4056-A746-17C9574F22D4}.Release|x86.ActiveCfg = Release|Win32
		{1AC8E1AE-0C3D-4056-A746-17C9574F22D4}.Release|x86.Build.0 = Release|Win32
		{5FA1E561-1370-4DB5-BC62-5A6DF31903AE}.Debug|x64.ActiveCfg = Debug|x64
		{5FA1E561-1370-4DB5-BC62-5A6DF31903AE}.Debug|x64.Build.0 = Debug|x64
		{5FA1E561-1370-4DB5-BC62-5A6DF31903AE}.Debug|x86.ActiveCfg = Debug|Win32
		{5FA1E561-1370-4DB5-BC62-5A6DF31903AE}.Debug|x86.Build.0 = Debug|Win32
		{5FA1E561-1370-4DB5-BC62-5A6DF31903AE}.Release|x64.ActiveCfg = Release|x64
		{5FA1E561-1370-4DB5-BC62-5A6DF31903AE}.Release|x64.Build.0 = Release|x64
		{5FA1E561-1370-4DB5-BC62-5A6DF31903AE}.Release|x86.ActiveCfg = Release|Win32
		{5FA1E561-1370-4DB5-BC62-5A6DF31903AE}.Release|x86.Build.0 = Release|Win32
		{B2370600-183D-4DFC-B3E1-8576E5BD150A}.Debug|x64.ActiveCfg = Debug|x64
		{B2370600-183D-4DFC-B3E1-8576E5BD150A}.Debug|x64.Build.0 = Debug|x64
		{B2370600-183D-4DFC-B3E1-8576E5BD150A}.Debug|x86.ActiveCfg = Debug|Win32
		{B2370600-183D-4DFC-B3E1-8576E5BD150A}.Debug|x86.Build.0 = Debug|Win32
		{B2370600-183D-4DFC-B3E1-8576E5BD150A}.Release|x64.ActiveCfg = Release|x64
		{B2370600-183D-4DFC-B3E1-8576E5BD150A}.Release|x64.Build.0 = Release|x64
		{B2370600-183D-4DFC-B3E1-8576E5BD150A}.Release|x86.ActiveCfg = Release|Win32
		{B2370600-183D-4DFC-B3E1-8576E5BD150A}.Release|x86.Build.0 = Release|Win32
		{AC95060D-341E-4FB9-BBCA-07E13FC95224}.Debug|x64.ActiveCfg = Debug|x64
		{AC95060D-341E-4FB9-BBCA-07E13FC95224}.Debug|x64.Build.0 = Debug|x64
		{AC95060D-341E-4FB9-BBCA-07E13FC95224}.Debug|x86.ActiveCfg = Debug|Win32
		{AC95060D-341E-4FB9-BBCA-07E13FC95224}.Debug|x86.Build.0 = Debug|Win32
		{AC95060D-341E-4FB9-BBCA-07E13FC95224}.Release|x64.ActiveCfg = Release|x64
		{AC95060D-341E-4FB9-BBCA-07E13FC95224}.Release|x64.Build.0 = Release|x64
		{AC95060D-341E-4FB9-BBCA-07E13FC95224}.Release|x86.ActiveCfg = Release|Win32
		{AC95060D-341E-4FB9-BBCA-07E13FC95224}.Release|x86.Build.0 = Release|Win32
		{319CEB7B-36FA-4B08-9C4F-ADC3202FA7E9}.Debug|x64.ActiveCfg = Debug|x64
		{319CEB7B-36FA-4B08-9C4F-ADC3202FA7E9}.Debug|x64.Build.0 = Debug|x64
		{319CEB7B-36FA-4B08-9C4F-ADC3202FA7E9}.Debug|x86.ActiveCfg = Debug|Win32
		{319CEB7B-36FA-4B08-9C4F-ADC3202FA7E9}.Debug|x86.Build.0 = Debug|Win32
		{319CEB7B-36FA-4B08-9C4F-ADC3202FA7E9}.Release|x64.ActiveCfg = Release|x64
		{319CEB7B-36FA-4B08-9C4F-ADC3202FA7E9}.Release|x64.Build.0 = Release|x64
		{319CEB7B-36FA-4B08-9C4F-ADC3202FA7E9}.Release|x86.ActiveCfg = Release|Win32
		{319CEB7B-36FA-4B08-9C4F-ADC3202FA7E9}.Release|x86.Build.0 = Release|Win32
		{26728A75-F137-48FC-989D-53ED88245A77}.Debug|x64.ActiveCfg = Debug|x64
		{26728A75-F137-48FC-989D-53ED88245A77}.Debug|x64.Build.0 = Debug|x64
		{26728A75-F137-48FC-989D-53ED88245A77}.Debug|x86.ActiveCfg = Debug|Win32
		{26728A75-F137-48FC-989D-53ED88245A77}.Debug|x86.Build.0 = Debug|Win32
		{26728A75-F137-48FC-989D-53ED88245A77}.Release|x64.ActiveCfg = Release|x64
		{26728A75-F137-48FC-989D-53ED88245A77}.Release|x64.Build.0 = Release|x64
		{26728A75-F137-48FC-989D-53ED88245A77}.Release|x86.ActiveCfg = Release|Win32
		{26728A75-F137-48FC-989D-53ED88245A77}.Release|x86.Build.0 = Release|Win32
		{B6A8E765-9D9B-4332-A452-EA3DAD3D4387}.Debug|x64.ActiveCfg = Debug|x64
		{B6A8E765-9D9B-4332-A452-EA3DAD3D4387}.Debug|x64.Build.0 = Debug|x64
		{B6A8E765-9D9B-4332-A452-EA3DAD3D4387}.Debug|x86.ActiveCfg = Debug|Win32
		{B6A8E765-9D9B-4332-A452-EA3DAD3D4387}.Debug|x86.Build.0 = Debug|Win32
		{B6A8E765-9D9B-4332-A452-EA3DAD3D4387}.Release|x64.ActiveCfg = Release|x64
		{B6A8E765-9D9B-4332-A452-EA3DAD3D4387}.Release|x64.Build.0 = Release|x64
		{B6A8E765-9D9B-4332-A452-EA3DAD3D4387}.Release|x86.ActiveCfg = Release|Win32
		{B6A8E765-9D9B-4332-A452-EA3DAD3D4387}.Release|x86.Build.0 = Release|Win32
		{235DB9A8-AAB7-4EAE-BA4A-B1BF03C58CCB}.Debug|x64.ActiveCfg = Debug|x64
		{235DB9A8-AAB7-4EAE-BA4A-B1BF03C58CCB}.Debug|x64.Build.0 = Debug|x64
		{235DB9A8-AAB7-4EAE-BA4A-B1BF03C58CCB}.Debug|x86.ActiveCfg = Debug|Win32
		{235DB9A8-AAB7-4EAE-BA4A-B1BF03C58CCB}.Debug|x86.Build.0 = Debug|Win32
		{235DB9A8-AAB7-4EAE-BA4A-B1BF03C58CCB}.Release|x64.ActiveCfg = Release|x64
		{235DB9A8-AAB7-4EAE-BA4A-B1BF03C58CCB}.Release|x64.Build.0 = Release|x64
		{235DB9A8-AAB7-4EAE-BA4A-B1BF03C58CCB}.Release|x86.ActiveCfg = Release|Win32
		{235DB9A8-AAB7-4EAE-BA4A-B1BF03C58CCB}.Release|x86.Build.0 = Release|Win32
		{2618584A-1A47-4651-93FF-803AA9A57263}.Debug|x64.ActiveCfg = Debug|x64
		{2618584A-1A47-4651-93FF-803AA9A57263}.Debug|x64.Build.0 = Debug|x64
		{2618584A-1A47-4651-93FF-803AA9A57263}.Debug|x86.ActiveCfg = Debug|Win32
		{2618584A-1A47-4651-93FF-803AA9A57263}.Debug|x86.Build.0 = Debug|Win32
		{2618584A-1A47-4651-93FF-803AA9A57263}.Release|x64.ActiveCfg = Release|x64
		{2618584A-1A47-4651-93FF-803AA9A57263}.Release|x64.Build.0 = Release|x64
		{2618584A-1A47-4651-93FF-803AA9A57263}.Release|x86.ActiveCfg = Release|Win32
		{2618584A-1A47-4651-93FF-803AA9A57263}.Release|x86.Build.0 = Release|Win32
		{E35B0EF2-9359-45AF-B47B-1F4258D0F1C7}.Debug|x64.ActiveCfg = Debug|x64
		{E35B0EF2-9359-45AF-B47B-1F4258D0F1C7}.Debug|x64.Build.0 = Debug|x64
		{E35B0EF2-9359-45AF-B47B-1F4258D0F1C7}.Debug|x86.ActiveCfg = Debug|Win32
		{E35B0EF2-9359-45AF-B47B-1F4258D0F1C7}.Debug|x86.Build.0 = Debug|Win32
		{E35B0EF2-9359-45AF-B47B-1F4258D0F1C7}.Release|x64.ActiveCfg = Release|x64
		{E35B0EF2-9359-45AF-B47B-1F4258D0F1C7}.Release|x64.Build.0 = Release|x64
		{E35B0EF2-9359-45AF-B47B-1F4258D0F1C7}.Release|x86.ActiveCfg = Release|Win32
		{E35B0EF2-9359-45AF-B47B-1F4258D0F1C7}.Release|x86.Build.0 = Release|Win32
		{2AF49CBC-45B5-424B-A3EF-D9228A914059}.Debug|x64.ActiveCfg = Debug|x64
		{2AF49CBC-45B5-424B-A3EF-D9228A914059}.Debug|x64.Build.0 = Debug|x64
		{2AF49CBC-45B5-424B-A3EF-D9228A914059}.Debug|x86.ActiveCfg = Debug|Win32
		{2AF49CBC-45B5-424B-A3EF-D9228A914059}.Debug|x86.Build.0 = Debug|Win32
		{2AF49CBC-45B5-424B-A3EF-D9228A914059}.Release|x64.ActiveCfg = Release|x64
		{2AF49CBC-45B5-424B-A3EF-D9228A914059}.Release|x64.Build.0 = Release|x64
		{2AF49CBC-45B5-424B-A3EF-D9228A914059}.Release|x86.ActiveCfg = Release|Win32
		{2AF49CBC-45B5-424B-A3EF-D9228A914059}.Release|x86.Build.0 = Release|Win32
		{12153DE2-C6DF-4D92-A8CA-BD9292A0BD8C}.Debug|x64.ActiveCfg = Debug|x64
		{12153DE2-C6DF-4D92-A8CA-BD9292A0BD8C}.Debug|x64.Build.0 = Debug|x64
		{12153DE2-C6DF-4D92-A8CA-BD9292A0BD8C}.Debug|x86.ActiveCfg = Debug|Win32
		{12153DE2-C6DF-4D92-A8CA-BD9292A0BD8C}.Debug|x86.Build.0 = Debug|Win32
		{12153DE2-C6DF-4D92-A8CA-BD9292A0BD8C}.Release|x64.ActiveCfg = Release|x64
		{12153DE2-C6DF-4D92-A8CA-BD9292A0BD8C}.Release|x64.Build.0 = Release|x64
		{12153DE2-C6DF-4D92-A8CA-BD9292A0BD8C}.Release|x86.ActiveCfg = Release|Win32
		{12153DE2-C6DF-4D92-A8CA-BD9292A0BD8C}.Release|x86.Build.0 = Release|Win32
		{FCBDBF99-F574-4176-82C8-7757C230C1C4}.Debug|x64.ActiveCfg = Debug|x64
		{FCBDBF99-F574-4176-82C8-7757C230C1C4}.Debug|x64.Build.0 = Debug|x64
		{FCBDBF99-F574-4176-82C8-7757C230C1C4}.Debug|x86.ActiveCfg = Debug|Win32
		{FCBDBF99-F574-4176-82C8-7757C230C1C4}.Debug|x86.Build.0 = Debug|Win32
		{FCBDBF99-F574-4176-82C8-7757C230C1C4}.Release|x64.ActiveCfg = Release|x64
		{FCBDBF99-F574-4176-82C8-7757C230C1C4}.Release|x64.Build.0 = Release|x64
		{FCBDBF99-F574-4176-82C8-7757C230C1C4}.Release|x86.ActiveCfg = Release|Win32
		{FCBDBF99-F574-4176-82C8-7757C230C1C4}.Release|x86.Build.0 = Release|Win32
		{1537B002-F8F7-4DAB-BB11-580D73E7DA69}.Debug|x64.ActiveCfg = Debug|x64
		{1537B002-F8F7-4DAB-BB11-580D73E7DA69}.Debug|x64.Build.0 = Debug|x64
		{1537B002-F8F7-4DAB-BB11-580D73E7DA69}.Debug|x86.ActiveCfg = Debug|Win32
		{1537B002-F8F7-4DAB-BB11-580D73E7DA69}.Debug|x86.Build.0 = Debug|Win32
		{1537B002-F8F7-4DAB-BB11-580D73E7DA69}.Release|x64.ActiveCfg = Release|x64
		{1537B002-F8F7-4DAB-BB11-580D73E7DA69}.Release|x64.Build.0 = Release|x64
		{1537B002-F8F7-4DAB-BB11-580D73E7DA69}.Release|x86.ActiveCfg = Release|Win32
		{1537B002-F8F7-4DAB-BB11-580D73E7DA69}.Release|x86.Build.0 = Release|Win32
		{B013872A-96DA-4865-9D1B-A9458F42ECF4}.Debug|x64.ActiveCfg = Debug|x64
		{B013872A-96DA-4865-9D1B-A9458F42ECF4}.Debug|x64.Build.0 = Debug|x64
		{B013872A-96DA-4865-9D1B-A9458F42ECF4}.Debug|x86.ActiveCfg = Debug|Win32
		{B013872A-96DA-4865-9D1B-A9458F42ECF4}.Debug|x86.Build.0 = Debug|Win32
		{B013872A-96DA-4865-9D1B-A9458F42ECF4}.Release|x64.ActiveCfg = Release|x64
		{B013872A-96DA-4865-9D1B-A9458F42ECF4}.Release|x64.Build.0 = Release|x64
		{B013872A-96DA-4865-9D1B-A9458F42ECF4}.Release|x86.ActiveCfg = Release|Win32
		{B013872A-96DA-4865-9D1B-A9458F42ECF4}.Release|x86.Build.0 = Release|Win32
		{4C53F990-438A-4790-9D1C-646DFF4EC655}.Debug|x64.ActiveCfg = Debug|x64
		{4C53F990-438A-4790-9D1C-646DFF4EC655}.Debug|x64.Build.0 = Debug|x64
		{4C53F990-438A-4790-9D1C-646DFF4EC655}.Debug|x86.ActiveCfg = Debug|Win32
		{4C53F990-438A-4790-9D1C-646DFF4EC655}.Debug|x86.Build.0 = Debug|Win32
		{4C53F990-438A-4790-9D1C-646DFF4EC655}.Release|x64.ActiveCfg = Release|x64
		{4C53F990-438A-4790-9D1C-646DFF4EC655}.Release|x64.Build.0 = Release|x64
		{4C53F990-438A-4790-9D1C-646DFF4EC655}.Release|x86.ActiveCfg = Release|Win32
		{4C53F990-438A-4790-9D1C-646DFF4EC655}.Release|x86.Build.0 = Release|Win32
		{BAACA150-9966-4D94-A7C1-5295ED5E5395}.Debug|x64.ActiveCfg = Debug|x64
		{BAACA150-9966-4D94-A7C1-5295ED5E5395}.Debug|x64.Build.0 = Debug|x64
		{BAACA150-9966-4D94-A7C1-5295ED5E5395}.Debug|x86.ActiveCfg = Debug|Win32
		{BAACA150-9966-4D94-A7C1-5295ED5E5395}.Debug|x86.Build.0 = Debug|Win32
		{BAACA150-9966-4D94-A7C1-5295ED5E5395}.Release|x64.ActiveCfg = Release|x64
		{BAACA150-9966-4D94-A7C1-5295ED5E5395}.Release|x64.Build.0 = Release|x64
		{BAACA150-9966-4D94-A7C1-5295ED5E5395}.Release|x86.ActiveCfg = Release|Win32
		{BAACA150-9966-4D94-A7C1-5295ED5E5395}.Release|x86.Build.0 = Release|Win32
		{54A64580-8106-4340-8136-0063CAFC7025}.Debug|x64.ActiveCfg = Debug|x64
		{54A64580-8106-4340-8136-0063CAFC7025}.Debug|x64.Build.0 = Debug|x64
		{54A64580-8106-4340-8136-0063CAFC7025}.Debug|x86.ActiveCfg = Debug|Win32
		{54A64580-8106-4340-8136-0063CAFC7025}.Debug|x86.Build.0 = Debug|Win32
		{54A64580-8106-4340-8136-0063CAFC7025}.Release|x64.ActiveCfg = Release|x64
		{54A64580-8106-4340-8136-0063CAFC7025}.Release|x64.Build.0 = Release|x64
		{54A64580-8106-4340-8136-0063CAFC7025}.Release|x86.ActiveCfg = Release|Win32
		{54A64580-8106-4340-8136-0063CAFC7025}.Release|x86.Build.0 = Release|Win32
		{24EC1F7A-B573-4674-A20A-7251EDD031BF}.Debug|x64.ActiveCfg = Debug|x64
		{24EC1F7A-B573-4674-A20A-7251EDD031BF}.Debug|x64.Build.0 = Debug|x64
		{24EC1F7A-B573-4674-A20A-7251EDD031BF}.Debug|x86.ActiveCfg = Debug|Win32
		{24EC1F7A-B573-4674-A20A-7251EDD031BF}.Debug|x86.Build.0 = Debug|Win32
		{24EC1F7A-B573-4674-A20A-7251EDD031BF}.Release|x64.ActiveCfg = Release|x64
		{24EC1F7A-B573-4674-A20A-7251EDD031BF}.Release|x64.Build.0 = Release|x64
		{24EC1F7A-B573-4674-A20A-7251EDD031BF}.Release|x86.ActiveCfg = Release|Win32
		{24EC1F7A-B573-4674-A20A-7251EDD031BF}.Release|x86.Build.0 = Release|Win32
		{7656B6B6-B80C-4ACE-9D31-C7093E94524D}.Debug|x64.ActiveCfg = Debug|x64
		{7656B6B6-B80C-4ACE-9D31-C7093E94524D}.Debug|x64.Build.0 = Debug|x64
		{7656B6B6-B80C-4ACE-9D31-C7093E94524D}.Debug|x86.ActiveCfg = Debug|Win32
		{7656B6B6-B80C-4ACE-9D31-C7093E94524D}.Debug|x86.Build.0 = Debug|Win32
		{7656B6B6-B80C-4ACE-9D31-C7093E94524D}.Release|x64.ActiveCfg = Release|x64
		{7656B6B6-B80C-4ACE-9D31-C7093E94524D}.Release|x64.Build.0 = Release|x64
		{7656B6B6-B80C-4ACE-9D31-C7093E94524D}.Release|x86.ActiveCfg = Release|Win32
		{7656B6B6-B80C-4ACE-9D31-C7093E94524D}.Release|x86.Build.0 = Release|Win32
		{D0B323DF-F7A0-448D-87FD-A9A0FA946C8D}.Debug|x64.ActiveCfg = Debug|x64
		{D0B323DF-F7A0-448D-87FD-A9A0FA946C8D}.Debug|x64.Build.0 = Debug|x64
		{D0B323DF-F7A0-448D-87FD-A9A0FA946C8D}.Debug|x86.ActiveCfg = Debug|Win32
		{D0B323DF-F7A0-448D-87FD-A9A0FA946C8D}.Debug|x86.Build.0 = Debug|Win32
		{D0B323DF-F7A0-448D-87FD-A9A0FA946C8D}.Release|x64.ActiveCfg = Release|x64
		{D0B323DF-F7A0-448D-87FD-A9A0FA946C8D}.Release|x64.Build.0 = Release|x64
		{D0B323DF-F7A0-448D-87FD-A9A0FA946C8D}.Release|x86.ActiveCfg = Release|Win32
		{D0B323DF-F7A0-448D-87FD-A9A0FA946C8D}.Release|x86.Build.0 = Release|Win32
		{393D24D7-8FD0-48E9-9F2E-5EEFCF4EF141}.Debug|x64.ActiveCfg = Debug|x64
		{393D24D7-8FD0-48E9-9F2E-5EEFCF4EF141}.Debug|x64.Build.0 = Debug|x64
		{393D24D7-8FD0-48E9-9F2E-5EEFCF4EF141}.Debug|x86.ActiveCfg = Debug|Win32
		{393D24D7-8FD0-48E9-9F2E-5EEFCF4EF141}.Debug|x86.Build.0 = Debug|Win32
		{393D24D7-8FD0-48E9-9F2E-5EEFCF4EF141}.Release|x64.ActiveCfg = Release|x64
		{393D24D7-8FD0-48E9-9F2E-5EEFCF4EF141}.Release|x64.Build.0 = Release|x64
		{393D24D7-8FD0-48E9-9F2E-5EEFCF4EF141}.Release|x86.ActiveCfg = Release|Win32
		{393D24D7-8FD0-48E9-9F2E-5EEFCF4EF141}.Release|x86.Build.0 = Release|Win32
		{619B3BE4-3A23-4211-B274-B9CCCE1CB06B}.Debug|x64.ActiveCfg = Debug|x64
		{619B3BE4-3A23-4211-B274-B9CCCE1CB06B}.Debug|x64.Build.0 = Debug|x64
		{619B3BE4-3A23-4211-B274-B9CCCE1CB06B}.Debug|x86.ActiveCfg = Debug|Win32
		{619B3BE4-3A23-4211-B274-B9CCCE1CB06B}.Debug|x86.Build.0 = Debug|Win32
		{619B3BE4-3A23-4211-B274-B9CCCE1CB06B}.Release|x64.ActiveCfg = Release|x64
		{619B3BE4-3A23-4211-B274-B9CCCE1CB06B}.Release|x64.Build.0 = Release|x64
		{619B3BE4-3A23-4211-B274-B9CCCE1CB06B}.Release|x86.ActiveCfg = Release|Win32
		{619B3BE4-3A23-4211-B274-B9CCCE1CB06B}.Release|x86.Build.0 = Release|Win32
		{83221472-1E8D-49A9-8725-C265233DF14C}.Debug|x64.ActiveCfg = Debug|x64
		{83221472-1E8D-49A9-8725-C265233DF14C}.Debug|x64.Build.0 = Debug|x64
		{83221472-1E8D-49A9-8725-C265233DF14C}.Debug|x86.ActiveCfg = Debug|Win32
		{83221472-1E8D-49A9-8725-C265233DF14C}.Debug|x86.Build.0 = Debug|Win32
		{83221472-1E8D-49A9-8725-C265233DF14C}.Release|x64.ActiveCfg = Release|x64
		{83221472-1E8D-49A9-8725-C265233DF14C}.Release|x64.Build.0 = Release|x64
		{83221472-1E8D-49A9-8725-C265233DF14C}.Release|x86.ActiveCfg = Release|Win32
		{83221472-1E8D-49A9-8725-C265233DF14C}.Release|x86.Build.0 = Release|Win32
		{850DD2FF-E81A-4C86-9401-6615AF785BF6}.Debug|x64.ActiveCfg = Debug|x64
		{850DD2FF-E81A-4C86-9401-6615AF785BF6}.Debug|x64.Build.0 = Debug|x64
		{850DD2FF-E81A-4C86-9401-6615AF785BF6}.Debug|x86.ActiveCfg = Debug|Win32
		{850DD2FF-E81A-4C86-9401-6615AF785BF6}.Debug|x86.Build.0 = Debug|Win32
		{850DD2FF-E81A-4C86-9401-6615AF785BF6}.Release|x64.ActiveCfg = Release|x64
		{850DD2FF-E81A-4C86-9401-6615AF785BF6}.Release|x64.Build.0 = Release|x64
		{850DD2FF-E81A-4C86-9401-6615AF785BF6}.Release|x86.ActiveCfg = Release|Win32
		{850DD2FF-E81A-4C86-9401-6615AF785BF6}.Release|x86.Build.0 = Release|Win32
		{286D3A4C-47F6-4652-8F39-FA478CE5051B}.Debug|x64.ActiveCfg = Debug|x64
		{286D3A4C-47F6-4652-8F39-FA478CE5051B}.Debug|x64.Build.0 = Debug|x64
		{286D3A4C-47F6-4652-8F39-FA478CE5051B}.Debug|x86.ActiveCfg = Debug|Win32
		{286D3A4C-47F6-4652-8F39-FA478CE5051B}.Debug|x86.Build.0 = Debug|Win32
		{286D3A4C-47F6-4652-8F39-FA478CE5051B}.Release|x64.ActiveCfg = Release|x64
		{286D3A4C-47F6-4652-8F39-FA478CE5051B}.Release|x64.Build.0 = Release|x64
		{286D3A4C-47F6-4652-8F39-FA478CE5051B}.Release|x86.ActiveCfg = Release|Win32
		{286D3A4C-47F6-4652-8F39-FA478CE5051B}.Release|x86.Build.0 = Release|Win32
		{67E7A2AB-DC86-43FB-8D97-9E2457D4B07F}.Debug|x64.ActiveCfg = Debug|x64
		{67E7A2AB-DC86-43FB-8D97-9E2457D4B07F}.Debug|x64.Build.0 = Debug|x64
		{67E7A2AB-DC86-43FB-8D97-9E2457D4B07F}.Debug|x86.ActiveCfg = Debug|Win32
		{67E7A2AB-DC86-43FB-8D97-9E2457D4B07F}.Debug|x86.Build.0 = Debug|Win32
		{67E7A2AB-DC86-43FB-8D97-9E2457D4B07F}.Release|x64.ActiveCfg = Release|x64
		{67E7A2AB-DC86-43FB-8D97-9E2457D4B07F}.Release|x64.Build.0 = Release|x64
		{67E7A2AB-DC86-43FB-8D97-9E2457D4B07F}.Release|x86.ActiveCfg = Release|Win32
		{67E7A2AB-DC86-43FB-8D97-9E2457D4B07F}.Release|x86.Build.0 = Release|Win32
		{53B807AE-3372-4128-A2A7-A01ACA029E47}.Debug|x64.ActiveCfg = Debug|x64
		{53B807AE-3372-4128-A2A7-A01ACA029E47}.Debug|x64.Build.0 = Debug|x64
		{53B807AE-3372-4128-A2A7-A01ACA029E47}.Debug|x86.ActiveCfg = Debug|Win32
		{53B807AE-3372-4128-A2A7-A01ACA029E47}.Debug|x86.Build.0 = Debug|Win32
		{53B807AE-3372-4128-A2A7-A01ACA029E47}.Release|x64.ActiveCfg = Release|x64
		{53B807AE-3372-4128-A2A7-A01ACA029E47}.Release|x64.Build.0 = Release|x64
		{53B807AE-3372-4128-A2A7-A01ACA029E47}.Release|x86.ActiveCfg = Release|Win32
		{53B807AE-3372-4128-A2A7-A01ACA029E47}.Release|x86.Build.0 = Release|Win32
		{79E3FF04-0D90-4766-9A53-306B5BE4599F}.Debug|x64.ActiveCfg = Debug|x64
		{79E3FF04-0D90-4766-9A53-306B5BE4599F}.Debug|x64.Build.0 = Debug|x64
		{79E3FF04-0D90-4766-9A53-306B5BE4599F}.Debug|x86.ActiveCfg = Debug|Win32
		{79E3FF04-0D90-4766-9A53-306B5BE4599F}.Debug|x86.Build.0 = Debug|Win32
		{79E3FF04-0D90-4766-9A53-306B5BE4599F}.Release|x64.ActiveCfg = Release|x64
		{79E3FF04-0D90-4766-9A53-306B5BE4599F}.Release|x64.Build.0 = Release|x64
		{79E3FF04-0D90-4766-9A53-306B5BE4599F}.Release|x86.ActiveCfg = Release|Win32
		{79E3FF04-0D90-4766-9A53-306B5BE4599F}.Release|x86.Build.0 = Release|Win32
		{244FFA27-5796-44D6-A66F-42130213C077}.Debug|x64.ActiveCfg = Debug|x64
		{244FFA27-5796-44D6-A66F-42130213C077}.Debug|x64.Build.0 = Debug|x64
		{244FFA27-5796-44D6-A66F-42130213C077}.Debug|x86.ActiveCfg = Debug|Win32
		{244FFA27-5796-44D6-A66F-42130213C077}.Debug|x86.Build.0 = Debug|Win32
		{244FFA27-5796-44D6-A66F-42130213C077}.Release|x64.ActiveCfg = Release|x64
		{244FFA27-5796-44D6-A66F-42130213C077}.Release|x64.Build.0 = Release|x64
		{244FFA27-5796-44D6-A66F-42130213C077}.Release|x86.ActiveCfg = Release|Win32
		{244FFA27-5796-44D6-A66F-42130213C077}.Release|x86.Build.0 = Release|Win32
		{F9375173-2F0B-40AC-86C3-C0A12C1EB3F1}.Debug|x64.ActiveCfg = Debug|x64
		{F9375173-2F0B-40AC-86C3-C0A12C1EB3F1}.Debug|x64.Build.0 = Debug|x64
		{F9375173-2F0B-40AC-86C3-C0A12C1EB3F1}.Debug|x86.ActiveCfg = Debug|Win32
		{F9375173-2F0B-40AC-86C3-C0A12C1EB3F1}.Debug|x86.Build.0 = Debug|Win32
		{F9375173-2F0B-40AC-86C3-C0A12C1EB3F1}.Release|x64.ActiveCfg = Release|x64
		{F9375173-2F0B-40AC-86C3-C0A12C1EB3F1}.Release|x64.Build.0 = Release|x64
		{F9375173-2F0B-40AC-86C3-C0A12C1EB3F1}.Release|x86.ActiveCfg = Release|Win32
		{F9375173-2F0B-40AC-86C3-C0A12C1EB3F1}.Release|x86.Build.0 = Release|Win32
		{35E20EDF-2DDE-4C44-A315-0FCF4FE56D77}.Debug|x64.ActiveCfg = Debug|x64
		{35E20EDF-2DDE-4C44-A315-0FCF4FE56D77}.Debug|x64.Build.0 = Debug|x64
		{35E20EDF-2DDE-4C44-A315-0FCF4FE56D77}.Debug|x86.ActiveCfg = Debug|Win32
		{35E20EDF-2DDE-4C44-A315-0FCF4FE56D77}.Debug|x86.Build.0 = Debug|Win32
		{35E20EDF-2DDE-4C44-A315-0FCF4FE56D77}.Release|x64.ActiveCfg = Release|x64
		{35E20EDF-2DDE-4C44-A315-0FCF4FE56D77}.Release|x64.Build.0 = Release|x64
		{35E20EDF-2DDE-4C44-A315-0FCF4FE56D77}.Release|x86.ActiveCfg = Release|Win32
		{35E20EDF-2DDE-4C44-A315-0FCF4FE56D77}.Release|x86.Build.0 = Release|Win32
		{6A0174AB-A59C-437C-864D-B9B651904CD2}.Debug|x64.ActiveCfg = Debug|x64
		{6A0174AB-A59C-437C-864D-B9B651904CD2}.Debug|x64.Build.0 = Debug|x64
		{6A0174AB-A59C-437C-864D-B9B651904CD2}.Debug|x86.ActiveCfg = Debug|Win32
		{6A0174AB-A59C-437C-864D-B9B651904CD2}.Debug|x86.Build.0 = Debug|Win32
		{6A0174AB-A59C-437C-864D-B9B651904CD2}.Release|x64.ActiveCfg = Release|x64
		{6A0174AB-A59C-437C-864D-B9B651904CD2}.Release|x64.Build.0 = Release|x64
		{6A0174AB-A59C-437C-864D-B9B651904CD2}.Release|x86.ActiveCfg = Release|Win32
		{6A0174AB-A59C-437C-864D-B9B651904CD2}.Release|x86.Build.0 = Release|Win32
		{489C0C08-B7A5-4604-BAC6-2C388462F6AE}.Debug|x64.ActiveCfg = Debug|x64
		{489C0C08-B7A5-4604-BAC6-2C388462F6AE}.Debug|x64.Build.0 = Debug|x64
		{489C0C08-B7A5-4604-BAC6-2C388462F6AE}.Debug|x86.ActiveCfg = Debug|Win32
		{489C0C08-B7A5-4604-BAC6-2C388462F6AE}.Debug|x86.Build.0 = Debug|Win32
		{489C0C08-B7A5-4604-BAC6-2C388462F6AE}.Release|x64.ActiveCfg = Release|x64
		{489C0C08-B7A5-4604-BAC6-2C388462F6AE}.Release|x64.Build.0 = Release|x64
		{489C0C08-B7A5-4604-BAC6-2C388462F6AE}.Release|x86.ActiveCfg = Release|Win32
		{489C0C08-B7A5-4604-BAC6-2C388462F6AE}.Release|x86.Build.0 = Release|Win32
		{812BB3ED-1E9E-4C5F-A499-02FF41E45350}.Debug|x64.ActiveCfg = Debug|x64
		{812BB3ED-1E9E-4C5F-A499-02FF41E45350}.Debug|x64.Build.0 = Debug|x64
		{812BB3ED-1E9E-4C5F-A499-02FF41E45350}.Debug|x86.ActiveCfg = Debug|Win32
		{812BB3ED-1E9E-4C5F-A499-02FF41E45350}.Debug|x86.Build.0 = Debug|Win32
		{812BB3ED-1E9E-4C5F-A499-02FF41E45350}.Release|x64.ActiveCfg = Release|x64
		{812BB3ED-1E9E-4C5F-A499-02FF41E45350}.Release|x64.Build.0 = Release|x64
		{812BB3ED-1E9E-4C5F-A499-02FF41E45350}.Release|x86.ActiveCfg = Release|Win32
		{812BB3ED-1E9E-4C5F-A499-02FF41E45350}.Release|x86.Build.0 = Release|Win32
	EndGlobalSection
	GlobalSection(SolutionProperties) = preSolution
		HideSolutionNode = FALSE
	EndGlobalSection
	GlobalSection(ExtensibilityGlobals) = postSolution
		SolutionGuid = {D29BB1EF-C8C5-4EF6-B923-89693B7D166E}
	EndGlobalSection
EndGlobal
